// !$*UTF8*$!
{
	archiveVersion = 1;
	classes = {
	};
	objectVersion = 46;
	objects = {

/* Begin PBXBuildFile section */
		9DF3DD7E1ACA14EF004D150C /* AppDelegate.swift in Sources */ = {isa = PBXBuildFile; fileRef = 9DF3DD7D1ACA14EF004D150C /* AppDelegate.swift */; };
		9DF3DD801ACA14EF004D150C /* ViewController.swift in Sources */ = {isa = PBXBuildFile; fileRef = 9DF3DD7F1ACA14EF004D150C /* ViewController.swift */; };
		9DF3DD831ACA14EF004D150C /* Main.storyboard in Resources */ = {isa = PBXBuildFile; fileRef = 9DF3DD811ACA14EF004D150C /* Main.storyboard */; };
		9DF3DD851ACA14EF004D150C /* Images.xcassets in Resources */ = {isa = PBXBuildFile; fileRef = 9DF3DD841ACA14EF004D150C /* Images.xcassets */; };
		9DF3DD881ACA14EF004D150C /* LaunchScreen.xib in Resources */ = {isa = PBXBuildFile; fileRef = 9DF3DD861ACA14EF004D150C /* LaunchScreen.xib */; };
		9DF3DD941ACA14EF004D150C /* ChatAppTests.swift in Sources */ = {isa = PBXBuildFile; fileRef = 9DF3DD931ACA14EF004D150C /* ChatAppTests.swift */; };
/* End PBXBuildFile section */

/* Begin PBXContainerItemProxy section */
		9DF3DD8E1ACA14EF004D150C /* PBXContainerItemProxy */ = {
			isa = PBXContainerItemProxy;
			containerPortal = 9DF3DD701ACA14EF004D150C /* Project object */;
			proxyType = 1;
			remoteGlobalIDString = 9DF3DD771ACA14EF004D150C;
			remoteInfo = ChatApp;
		};
/* End PBXContainerItemProxy section */

/* Begin PBXFileReference section */
		9DF3DD781ACA14EF004D150C /* ChatApp.app */ = {isa = PBXFileReference; explicitFileType = wrapper.application; includeInIndex = 0; path = ChatApp.app; sourceTree = BUILT_PRODUCTS_DIR; };
		9DF3DD7C1ACA14EF004D150C /* Info.plist */ = {isa = PBXFileReference; lastKnownFileType = text.plist.xml; path = Info.plist; sourceTree = "<group>"; };
		9DF3DD7D1ACA14EF004D150C /* AppDelegate.swift */ = {isa = PBXFileReference; lastKnownFileType = sourcecode.swift; path = AppDelegate.swift; sourceTree = "<group>"; };
		9DF3DD7F1ACA14EF004D150C /* ViewController.swift */ = {isa = PBXFileReference; lastKnownFileType = sourcecode.swift; path = ViewController.swift; sourceTree = "<group>"; };
		9DF3DD821ACA14EF004D150C /* Base */ = {isa = PBXFileReference; lastKnownFileType = file.storyboard; name = Base; path = Base.lproj/Main.storyboard; sourceTree = "<group>"; };
		9DF3DD841ACA14EF004D150C /* Images.xcassets */ = {isa = PBXFileReference; lastKnownFileType = folder.assetcatalog; path = Images.xcassets; sourceTree = "<group>"; };
		9DF3DD871ACA14EF004D150C /* Base */ = {isa = PBXFileReference; lastKnownFileType = file.xib; name = Base; path = Base.lproj/LaunchScreen.xib; sourceTree = "<group>"; };
		9DF3DD8D1ACA14EF004D150C /* ChatAppTests.xctest */ = {isa = PBXFileReference; explicitFileType = wrapper.cfbundle; includeInIndex = 0; path = ChatAppTests.xctest; sourceTree = BUILT_PRODUCTS_DIR; };
		9DF3DD921ACA14EF004D150C /* Info.plist */ = {isa = PBXFileReference; lastKnownFileType = text.plist.xml; path = Info.plist; sourceTree = "<group>"; };
		9DF3DD931ACA14EF004D150C /* ChatAppTests.swift */ = {isa = PBXFileReference; lastKnownFileType = sourcecode.swift; path = ChatAppTests.swift; sourceTree = "<group>"; };
/* End PBXFileReference section */

/* Begin PBXFrameworksBuildPhase section */
		9DF3DD751ACA14EF004D150C /* Frameworks */ = {
			isa = PBXFrameworksBuildPhase;
			buildActionMask = 2147483647;
			files = (
			);
			runOnlyForDeploymentPostprocessing = 0;
		};
		9DF3DD8A1ACA14EF004D150C /* Frameworks */ = {
			isa = PBXFrameworksBuildPhase;
			buildActionMask = 2147483647;
			files = (
			);
			runOnlyForDeploymentPostprocessing = 0;
		};
/* End PBXFrameworksBuildPhase section */

/* Begin PBXGroup section */
		9DF3DD6F1ACA14EF004D150C = {
			isa = PBXGroup;
			children = (
				9DF3DD7A1ACA14EF004D150C /* ChatApp */,
				9DF3DD901ACA14EF004D150C /* ChatAppTests */,
				9DF3DD791ACA14EF004D150C /* Products */,
			);
			sourceTree = "<group>";
		};
		9DF3DD791ACA14EF004D150C /* Products */ = {
			isa = PBXGroup;
			children = (
				9DF3DD781ACA14EF004D150C /* ChatApp.app */,
				9DF3DD8D1ACA14EF004D150C /* ChatAppTests.xctest */,
			);
			name = Products;
			sourceTree = "<group>";
		};
		9DF3DD7A1ACA14EF004D150C /* ChatApp */ = {
			isa = PBXGroup;
			children = (
				9DF3DD7D1ACA14EF004D150C /* AppDelegate.swift */,
				9DF3DD7F1ACA14EF004D150C /* ViewController.swift */,
				9DF3DD811ACA14EF004D150C /* Main.storyboard */,
				9DF3DD841ACA14EF004D150C /* Images.xcassets */,
				9DF3DD861ACA14EF004D150C /* LaunchScreen.xib */,
				9DF3DD7B1ACA14EF004D150C /* Supporting Files */,
			);
			path = ChatApp;
			sourceTree = "<group>";
		};
		9DF3DD7B1ACA14EF004D150C /* Supporting Files */ = {
			isa = PBXGroup;
			children = (
				9DF3DD7C1ACA14EF004D150C /* Info.plist */,
			);
			name = "Supporting Files";
			sourceTree = "<group>";
		};
		9DF3DD901ACA14EF004D150C /* ChatAppTests */ = {
			isa = PBXGroup;
			children = (
				9DF3DD931ACA14EF004D150C /* ChatAppTests.swift */,
				9DF3DD911ACA14EF004D150C /* Supporting Files */,
			);
			path = ChatAppTests;
			sourceTree = "<group>";
		};
		9DF3DD911ACA14EF004D150C /* Supporting Files */ = {
			isa = PBXGroup;
			children = (
				9DF3DD921ACA14EF004D150C /* Info.plist */,
			);
			name = "Supporting Files";
			sourceTree = "<group>";
		};
/* End PBXGroup section */

/* Begin PBXNativeTarget section */
		9DF3DD771ACA14EF004D150C /* ChatApp */ = {
			isa = PBXNativeTarget;
			buildConfigurationList = 9DF3DD971ACA14EF004D150C /* Build configuration list for PBXNativeTarget "ChatApp" */;
			buildPhases = (
				9DF3DD741ACA14EF004D150C /* Sources */,
				9DF3DD751ACA14EF004D150C /* Frameworks */,
				9DF3DD761ACA14EF004D150C /* Resources */,
			);
			buildRules = (
			);
			dependencies = (
			);
			name = ChatApp;
			productName = ChatApp;
			productReference = 9DF3DD781ACA14EF004D150C /* ChatApp.app */;
			productType = "com.apple.product-type.application";
		};
		9DF3DD8C1ACA14EF004D150C /* ChatAppTests */ = {
			isa = PBXNativeTarget;
			buildConfigurationList = 9DF3DD9A1ACA14EF004D150C /* Build configuration list for PBXNativeTarget "ChatAppTests" */;
			buildPhases = (
				9DF3DD891ACA14EF004D150C /* Sources */,
				9DF3DD8A1ACA14EF004D150C /* Frameworks */,
				9DF3DD8B1ACA14EF004D150C /* Resources */,
			);
			buildRules = (
			);
			dependencies = (
				9DF3DD8F1ACA14EF004D150C /* PBXTargetDependency */,
			);
			name = ChatAppTests;
			productName = ChatAppTests;
			productReference = 9DF3DD8D1ACA14EF004D150C /* ChatAppTests.xctest */;
			productType = "com.apple.product-type.bundle.unit-test";
		};
/* End PBXNativeTarget section */

/* Begin PBXProject section */
		9DF3DD701ACA14EF004D150C /* Project object */ = {
			isa = PBXProject;
			attributes = {
				LastUpgradeCheck = 0610;
				ORGANIZATIONNAME = Black_Shark;
				TargetAttributes = {
					9DF3DD771ACA14EF004D150C = {
						CreatedOnToolsVersion = 6.1;
					};
					9DF3DD8C1ACA14EF004D150C = {
						CreatedOnToolsVersion = 6.1;
						TestTargetID = 9DF3DD771ACA14EF004D150C;
					};
				};
			};
			buildConfigurationList = 9DF3DD731ACA14EF004D150C /* Build configuration list for PBXProject "ChatApp" */;
			compatibilityVersion = "Xcode 3.2";
			developmentRegion = English;
			hasScannedForEncodings = 0;
			knownRegions = (
				en,
				Base,
			);
			mainGroup = 9DF3DD6F1ACA14EF004D150C;
			productRefGroup = 9DF3DD791ACA14EF004D150C /* Products */;
			projectDirPath = "";
			projectRoot = "";
			targets = (
				9DF3DD771ACA14EF004D150C /* ChatApp */,
				9DF3DD8C1ACA14EF004D150C /* ChatAppTests */,
			);
		};
/* End PBXProject section */

/* Begin PBXResourcesBuildPhase section */
		9DF3DD761ACA14EF004D150C /* Resources */ = {
			isa = PBXResourcesBuildPhase;
			buildActionMask = 2147483647;
			files = (
				9DF3DD831ACA14EF004D150C /* Main.storyboard in Resources */,
				9DF3DD881ACA14EF004D150C /* LaunchScreen.xib in Resources */,
				9DF3DD851ACA14EF004D150C /* Images.xcassets in Resources */,
			);
			runOnlyForDeploymentPostprocessing = 0;
		};
		9DF3DD8B1ACA14EF004D150C /* Resources */ = {
			isa = PBXResourcesBuildPhase;
			buildActionMask = 2147483647;
			files = (
			);
			runOnlyForDeploymentPostprocessing = 0;
		};
/* End PBXResourcesBuildPhase section */

/* Begin PBXSourcesBuildPhase section */
		9DF3DD741ACA14EF004D150C /* Sources */ = {
			isa = PBXSourcesBuildPhase;
			buildActionMask = 2147483647;
			files = (
				9DF3DD801ACA14EF004D150C /* ViewController.swift in Sources */,
				9DF3DD7E1ACA14EF004D150C /* AppDelegate.swift in Sources */,
			);
			runOnlyForDeploymentPostprocessing = 0;
		};
		9DF3DD891ACA14EF004D150C /* Sources */ = {
			isa = PBXSourcesBuildPhase;
			buildActionMask = 2147483647;
			files = (
				9DF3DD941ACA14EF004D150C /* ChatAppTests.swift in Sources */,
			);
			runOnlyForDeploymentPostprocessing = 0;
		};
/* End PBXSourcesBuildPhase section */

/* Begin PBXTargetDependency section */
		9DF3DD8F1ACA14EF004D150C /* PBXTargetDependency */ = {
			isa = PBXTargetDependency;
			target = 9DF3DD771ACA14EF004D150C /* ChatApp */;
			targetProxy = 9DF3DD8E1ACA14EF004D150C /* PBXContainerItemProxy */;
		};
/* End PBXTargetDependency section */

/* Begin PBXVariantGroup section */
		9DF3DD811ACA14EF004D150C /* Main.storyboard */ = {
			isa = PBXVariantGroup;
			children = (
				9DF3DD821ACA14EF004D150C /* Base */,
			);
			name = Main.storyboard;
			sourceTree = "<group>";
		};
		9DF3DD861ACA14EF004D150C /* LaunchScreen.xib */ = {
			isa = PBXVariantGroup;
			children = (
				9DF3DD871ACA14EF004D150C /* Base */,
			);
			name = LaunchScreen.xib;
			sourceTree = "<group>";
		};
/* End PBXVariantGroup section */

/* Begin XCBuildConfiguration section */
		9DF3DD951ACA14EF004D150C /* Debug */ = {
			isa = XCBuildConfiguration;
			buildSettings = {
				ALWAYS_SEARCH_USER_PATHS = NO;
				CLANG_CXX_LANGUAGE_STANDARD = "gnu++0x";
				CLANG_CXX_LIBRARY = "libc++";
				CLANG_ENABLE_MODULES = YES;
				CLANG_ENABLE_OBJC_ARC = YES;
				CLANG_WARN_BOOL_CONVERSION = YES;
				CLANG_WARN_CONSTANT_CONVERSION = YES;
				CLANG_WARN_DIRECT_OBJC_ISA_USAGE = YES_ERROR;
				CLANG_WARN_EMPTY_BODY = YES;
				CLANG_WARN_ENUM_CONVERSION = YES;
				CLANG_WARN_INT_CONVERSION = YES;
				CLANG_WARN_OBJC_ROOT_CLASS = YES_ERROR;
				CLANG_WARN_UNREACHABLE_CODE = YES;
				CLANG_WARN__DUPLICATE_METHOD_MATCH = YES;
				"CODE_SIGN_IDENTITY[sdk=iphoneos*]" = "iPhone Developer";
				COPY_PHASE_STRIP = NO;
				ENABLE_STRICT_OBJC_MSGSEND = YES;
				GCC_C_LANGUAGE_STANDARD = gnu99;
				GCC_DYNAMIC_NO_PIC = NO;
				GCC_OPTIMIZATION_LEVEL = 0;
				GCC_PREPROCESSOR_DEFINITIONS = (
					"DEBUG=1",
					"$(inherited)",
				);
				GCC_SYMBOLS_PRIVATE_EXTERN = NO;
				GCC_WARN_64_TO_32_BIT_CONVERSION = YES;
				GCC_WARN_ABOUT_RETURN_TYPE = YES_ERROR;
				GCC_WARN_UNDECLARED_SELECTOR = YES;
				GCC_WARN_UNINITIALIZED_AUTOS = YES_AGGRESSIVE;
				GCC_WARN_UNUSED_FUNCTION = YES;
				GCC_WARN_UNUSED_VARIABLE = YES;
				IPHONEOS_DEPLOYMENT_TARGET = 8.1;
				MTL_ENABLE_DEBUG_INFO = YES;
				ONLY_ACTIVE_ARCH = YES;
				SDKROOT = iphoneos;
				SWIFT_OPTIMIZATION_LEVEL = "-Onone";
			};
			name = Debug;
		};
		9DF3DD961ACA14EF004D150C /* Release */ = {
			isa = XCBuildConfiguration;
			buildSettings = {
				ALWAYS_SEARCH_USER_PATHS = NO;
				CLANG_CXX_LANGUAGE_STANDARD = "gnu++0x";
				CLANG_CXX_LIBRARY = "libc++";
				CLANG_ENABLE_MODULES = YES;
				CLANG_ENABLE_OBJC_ARC = YES;
				CLANG_WARN_BOOL_CONVERSION = YES;
				CLANG_WARN_CONSTANT_CONVERSION = YES;
				CLANG_WARN_DIRECT_OBJC_ISA_USAGE = YES_ERROR;
				CLANG_WARN_EMPTY_BODY = YES;
				CLANG_WARN_ENUM_CONVERSION = YES;
				CLANG_WARN_INT_CONVERSION = YES;
				CLANG_WARN_OBJC_ROOT_CLASS = YES_ERROR;
				CLANG_WARN_UNREACHABLE_CODE = YES;
				CLANG_WARN__DUPLICATE_METHOD_MATCH = YES;
				"CODE_SIGN_IDENTITY[sdk=iphoneos*]" = "iPhone Developer";
				COPY_PHASE_STRIP = YES;
				ENABLE_NS_ASSERTIONS = NO;
				ENABLE_STRICT_OBJC_MSGSEND = YES;
				GCC_C_LANGUAGE_STANDARD = gnu99;
				GCC_WARN_64_TO_32_BIT_CONVERSION = YES;
				GCC_WARN_ABOUT_RETURN_TYPE = YES_ERROR;
				GCC_WARN_UNDECLARED_SELECTOR = YES;
				GCC_WARN_UNINITIALIZED_AUTOS = YES_AGGRESSIVE;
				GCC_WARN_UNUSED_FUNCTION = YES;
				GCC_WARN_UNUSED_VARIABLE = YES;
				IPHONEOS_DEPLOYMENT_TARGET = 8.1;
				MTL_ENABLE_DEBUG_INFO = NO;
				SDKROOT = iphoneos;
				VALIDATE_PRODUCT = YES;
			};
			name = Release;
		};
		9DF3DD981ACA14EF004D150C /* Debug */ = {
			isa = XCBuildConfiguration;
			buildSettings = {
				ASSETCATALOG_COMPILER_APPICON_NAME = AppIcon;
				INFOPLIST_FILE = ChatApp/Info.plist;
				LD_RUNPATH_SEARCH_PATHS = "$(inherited) @executable_path/Frameworks";
				PRODUCT_NAME = "$(TARGET_NAME)";
			};
			name = Debug;
		};
		9DF3DD991ACA14EF004D150C /* Release */ = {
			isa = XCBuildConfiguration;
			buildSettings = {
				ASSETCATALOG_COMPILER_APPICON_NAME = AppIcon;
				INFOPLIST_FILE = ChatApp/Info.plist;
				LD_RUNPATH_SEARCH_PATHS = "$(inherited) @executable_path/Frameworks";
				PRODUCT_NAME = "$(TARGET_NAME)";
			};
			name = Release;
		};
		9DF3DD9B1ACA14EF004D150C /* Debug */ = {
			isa = XCBuildConfiguration;
			buildSettings = {
				BUNDLE_LOADER = "$(TEST_HOST)";
				FRAMEWORK_SEARCH_PATHS = (
					"$(SDKROOT)/Developer/Library/Frameworks",
					"$(inherited)",
				);
				GCC_PREPROCESSOR_DEFINITIONS = (
					"DEBUG=1",
					"$(inherited)",
				);
				INFOPLIST_FILE = ChatAppTests/Info.plist;
				LD_RUNPATH_SEARCH_PATHS = "$(inherited) @executable_path/Frameworks @loader_path/Frameworks";
				PRODUCT_NAME = "$(TARGET_NAME)";
				TEST_HOST = "$(BUILT_PRODUCTS_DIR)/ChatApp.app/ChatApp";
			};
			name = Debug;
		};
		9DF3DD9C1ACA14EF004D150C /* Release */ = {
			isa = XCBuildConfiguration;
			buildSettings = {
				BUNDLE_LOADER = "$(TEST_HOST)";
				FRAMEWORK_SEARCH_PATHS = (
					"$(SDKROOT)/Developer/Library/Frameworks",
					"$(inherited)",
				);
				INFOPLIST_FILE = ChatAppTests/Info.plist;
				LD_RUNPATH_SEARCH_PATHS = "$(inherited) @executable_path/Frameworks @loader_path/Frameworks";
				PRODUCT_NAME = "$(TARGET_NAME)";
				TEST_HOST = "$(BUILT_PRODUCTS_DIR)/ChatApp.app/ChatApp";
			};
			name = Release;
		};
/* End XCBuildConfiguration section */

/* Begin XCConfigurationList section */
		9DF3DD731ACA14EF004D150C /* Build configuration list for PBXProject "ChatApp" */ = {
			isa = XCConfigurationList;
			buildConfigurations = (
				9DF3DD951ACA14EF004D150C /* Debug */,
				9DF3DD961ACA14EF004D150C /* Release */,
			);
			defaultConfigurationIsVisible = 0;
			defaultConfigurationName = Release;
		};
		9DF3DD971ACA14EF004D150C /* Build configuration list for PBXNativeTarget "ChatApp" */ = {
			isa = XCConfigurationList;
			buildConfigurations = (
				9DF3DD981ACA14EF004D150C /* Debug */,
				9DF3DD991ACA14EF004D150C /* Release */,
			);
			defaultConfigurationIsVisible = 0;
		};
		9DF3DD9A1ACA14EF004D150C /* Build configuration list for PBXNativeTarget "ChatAppTests" */ = {
			isa = XCConfigurationList;
			buildConfigurations = (
				9DF3DD9B1ACA14EF004D150C /* Debug */,
				9DF3DD9C1ACA14EF004D150C /* Release */,
			);
			defaultConfigurationIsVisible = 0;
		};
/* End XCConfigurationList section */
	};
	rootObject = 9DF3DD701ACA14EF004D150C /* Project object */;
}
