// !$*UTF8*$!
{
	archiveVersion = 1;
	classes = {
	};
	objectVersion = 46;
	objects = {

/* Begin PBXBuildFile section */
		9D151DD41AD72587001EF774 /* FBSDKCoreKit.framework in Frameworks */ = {isa = PBXBuildFile; fileRef = 9D151DD31AD72587001EF774 /* FBSDKCoreKit.framework */; };
		9D151DD61AD72A5D001EF774 /* FBSDKLoginKit.framework in Frameworks */ = {isa = PBXBuildFile; fileRef = 9D151DD51AD72A5D001EF774 /* FBSDKLoginKit.framework */; };
		9D1777681ACDFDE400023F2E /* Rick+and+morty+for+a+hundred+years+rick+and+morty+_406a982d46ccc523799e6aef45080387.png in Resources */ = {isa = PBXBuildFile; fileRef = 9D1777671ACDFDE400023F2E /* Rick+and+morty+for+a+hundred+years+rick+and+morty+_406a982d46ccc523799e6aef45080387.png */; };
		9D23FC461AD5E846004C085D /* conversationVC.swift in Sources */ = {isa = PBXBuildFile; fileRef = 9D23FC451AD5E846004C085D /* conversationVC.swift */; };
		9D244ACA1ACD1AEA001100B7 /* CFNetwork.framework in Frameworks */ = {isa = PBXBuildFile; fileRef = 9D244AC91ACD1AEA001100B7 /* CFNetwork.framework */; };
		9D244ACC1ACD1AF2001100B7 /* CoreGraphics.framework in Frameworks */ = {isa = PBXBuildFile; fileRef = 9D244ACB1ACD1AF2001100B7 /* CoreGraphics.framework */; };
		9D244ACE1ACD1AF7001100B7 /* CoreLocation.framework in Frameworks */ = {isa = PBXBuildFile; fileRef = 9D244ACD1ACD1AF7001100B7 /* CoreLocation.framework */; };
		9D244AD01ACD1B00001100B7 /* AudioToolbox.framework in Frameworks */ = {isa = PBXBuildFile; fileRef = 9D244ACF1ACD1B00001100B7 /* AudioToolbox.framework */; };
		9D244AD21ACD1B0A001100B7 /* MobileCoreServices.framework in Frameworks */ = {isa = PBXBuildFile; fileRef = 9D244AD11ACD1B0A001100B7 /* MobileCoreServices.framework */; };
		9D244AD41ACD1B12001100B7 /* QuartzCore.framework in Frameworks */ = {isa = PBXBuildFile; fileRef = 9D244AD31ACD1B12001100B7 /* QuartzCore.framework */; };
		9D244AD61ACD1B19001100B7 /* Security.framework in Frameworks */ = {isa = PBXBuildFile; fileRef = 9D244AD51ACD1B19001100B7 /* Security.framework */; };
		9D244AD81ACD1B21001100B7 /* StoreKit.framework in Frameworks */ = {isa = PBXBuildFile; fileRef = 9D244AD71ACD1B21001100B7 /* StoreKit.framework */; };
		9D244ADA1ACD1B29001100B7 /* SystemConfiguration.framework in Frameworks */ = {isa = PBXBuildFile; fileRef = 9D244AD91ACD1B29001100B7 /* SystemConfiguration.framework */; };
		9D244ADC1ACD1B42001100B7 /* libz.dylib in Frameworks */ = {isa = PBXBuildFile; fileRef = 9D244ADB1ACD1B42001100B7 /* libz.dylib */; };
		9D244ADE1ACD1B4D001100B7 /* libsqlite3.dylib in Frameworks */ = {isa = PBXBuildFile; fileRef = 9D244ADD1ACD1B4D001100B7 /* libsqlite3.dylib */; };
		9D244AE21ACD1B8F001100B7 /* ChatAppHeader.m in Sources */ = {isa = PBXBuildFile; fileRef = 9D244AE11ACD1B8F001100B7 /* ChatAppHeader.m */; };
		9D6F696C1AE5D47900C4955D /* no-photo.png in Resources */ = {isa = PBXBuildFile; fileRef = 9D6F696B1AE5D47900C4955D /* no-photo.png */; };
		9D7F034C1ADEE66000B30AFF /* Bolts.framework in Frameworks */ = {isa = PBXBuildFile; fileRef = 9D7F034A1ADEE66000B30AFF /* Bolts.framework */; };
		9D7F034D1ADEE66000B30AFF /* Parse.framework in Frameworks */ = {isa = PBXBuildFile; fileRef = 9D7F034B1ADEE66000B30AFF /* Parse.framework */; };
		9D8FDE841ADC4F0B00D3BC7F /* tripCompletedVC.swift in Sources */ = {isa = PBXBuildFile; fileRef = 9D8FDE831ADC4F0B00D3BC7F /* tripCompletedVC.swift */; };
		9D8FDE861ADC51BA00D3BC7F /* tripPlanVC.swift in Sources */ = {isa = PBXBuildFile; fileRef = 9D8FDE851ADC51BA00D3BC7F /* tripPlanVC.swift */; };
		9DE2A9C41AD5B49000A24D7E /* usersVC.swift in Sources */ = {isa = PBXBuildFile; fileRef = 9DE2A9C31AD5B49000A24D7E /* usersVC.swift */; };
		9DE2A9C61AD5B5DD00A24D7E /* resultsCell.swift in Sources */ = {isa = PBXBuildFile; fileRef = 9DE2A9C51AD5B5DD00A24D7E /* resultsCell.swift */; };
		9DF3DD7E1ACA14EF004D150C /* AppDelegate.swift in Sources */ = {isa = PBXBuildFile; fileRef = 9DF3DD7D1ACA14EF004D150C /* AppDelegate.swift */; };
		9DF3DD801ACA14EF004D150C /* loginVC.swift in Sources */ = {isa = PBXBuildFile; fileRef = 9DF3DD7F1ACA14EF004D150C /* loginVC.swift */; };
		9DF3DD831ACA14EF004D150C /* Main.storyboard in Resources */ = {isa = PBXBuildFile; fileRef = 9DF3DD811ACA14EF004D150C /* Main.storyboard */; };
		9DF3DD851ACA14EF004D150C /* Images.xcassets in Resources */ = {isa = PBXBuildFile; fileRef = 9DF3DD841ACA14EF004D150C /* Images.xcassets */; };
		9DF3DD881ACA14EF004D150C /* LaunchScreen.xib in Resources */ = {isa = PBXBuildFile; fileRef = 9DF3DD861ACA14EF004D150C /* LaunchScreen.xib */; };
		9DF3DD941ACA14EF004D150C /* ChatAppTests.swift in Sources */ = {isa = PBXBuildFile; fileRef = 9DF3DD931ACA14EF004D150C /* ChatAppTests.swift */; };
		9DF3DDA61ACA18AE004D150C /* signupVC.swift in Sources */ = {isa = PBXBuildFile; fileRef = 9DF3DDA51ACA18AE004D150C /* signupVC.swift */; };
/* End PBXBuildFile section */

/* Begin PBXContainerItemProxy section */
		9DF3DD8E1ACA14EF004D150C /* PBXContainerItemProxy */ = {
			isa = PBXContainerItemProxy;
			containerPortal = 9DF3DD701ACA14EF004D150C /* Project object */;
			proxyType = 1;
			remoteGlobalIDString = 9DF3DD771ACA14EF004D150C;
			remoteInfo = ChatApp;
		};
/* End PBXContainerItemProxy section */

/* Begin PBXFileReference section */
		9D151DD31AD72587001EF774 /* FBSDKCoreKit.framework */ = {isa = PBXFileReference; lastKnownFileType = wrapper.framework; path = FBSDKCoreKit.framework; sourceTree = "<group>"; };
		9D151DD51AD72A5D001EF774 /* FBSDKLoginKit.framework */ = {isa = PBXFileReference; lastKnownFileType = wrapper.framework; path = FBSDKLoginKit.framework; sourceTree = "<group>"; };
		9D1777671ACDFDE400023F2E /* Rick+and+morty+for+a+hundred+years+rick+and+morty+_406a982d46ccc523799e6aef45080387.png */ = {isa = PBXFileReference; lastKnownFileType = image.png; path = "Rick+and+morty+for+a+hundred+years+rick+and+morty+_406a982d46ccc523799e6aef45080387.png"; sourceTree = "<group>"; };
		9D23FC451AD5E846004C085D /* conversationVC.swift */ = {isa = PBXFileReference; fileEncoding = 4; lastKnownFileType = sourcecode.swift; path = conversationVC.swift; sourceTree = "<group>"; };
		9D244AC91ACD1AEA001100B7 /* CFNetwork.framework */ = {isa = PBXFileReference; lastKnownFileType = wrapper.framework; name = CFNetwork.framework; path = System/Library/Frameworks/CFNetwork.framework; sourceTree = SDKROOT; };
		9D244ACB1ACD1AF2001100B7 /* CoreGraphics.framework */ = {isa = PBXFileReference; lastKnownFileType = wrapper.framework; name = CoreGraphics.framework; path = System/Library/Frameworks/CoreGraphics.framework; sourceTree = SDKROOT; };
		9D244ACD1ACD1AF7001100B7 /* CoreLocation.framework */ = {isa = PBXFileReference; lastKnownFileType = wrapper.framework; name = CoreLocation.framework; path = System/Library/Frameworks/CoreLocation.framework; sourceTree = SDKROOT; };
		9D244ACF1ACD1B00001100B7 /* AudioToolbox.framework */ = {isa = PBXFileReference; lastKnownFileType = wrapper.framework; name = AudioToolbox.framework; path = System/Library/Frameworks/AudioToolbox.framework; sourceTree = SDKROOT; };
		9D244AD11ACD1B0A001100B7 /* MobileCoreServices.framework */ = {isa = PBXFileReference; lastKnownFileType = wrapper.framework; name = MobileCoreServices.framework; path = System/Library/Frameworks/MobileCoreServices.framework; sourceTree = SDKROOT; };
		9D244AD31ACD1B12001100B7 /* QuartzCore.framework */ = {isa = PBXFileReference; lastKnownFileType = wrapper.framework; name = QuartzCore.framework; path = System/Library/Frameworks/QuartzCore.framework; sourceTree = SDKROOT; };
		9D244AD51ACD1B19001100B7 /* Security.framework */ = {isa = PBXFileReference; lastKnownFileType = wrapper.framework; name = Security.framework; path = System/Library/Frameworks/Security.framework; sourceTree = SDKROOT; };
		9D244AD71ACD1B21001100B7 /* StoreKit.framework */ = {isa = PBXFileReference; lastKnownFileType = wrapper.framework; name = StoreKit.framework; path = System/Library/Frameworks/StoreKit.framework; sourceTree = SDKROOT; };
		9D244AD91ACD1B29001100B7 /* SystemConfiguration.framework */ = {isa = PBXFileReference; lastKnownFileType = wrapper.framework; name = SystemConfiguration.framework; path = System/Library/Frameworks/SystemConfiguration.framework; sourceTree = SDKROOT; };
		9D244ADB1ACD1B42001100B7 /* libz.dylib */ = {isa = PBXFileReference; lastKnownFileType = "compiled.mach-o.dylib"; name = libz.dylib; path = usr/lib/libz.dylib; sourceTree = SDKROOT; };
		9D244ADD1ACD1B4D001100B7 /* libsqlite3.dylib */ = {isa = PBXFileReference; lastKnownFileType = "compiled.mach-o.dylib"; name = libsqlite3.dylib; path = usr/lib/libsqlite3.dylib; sourceTree = SDKROOT; };
		9D244AE01ACD1B8F001100B7 /* ChatApp-Bridging-Header.h */ = {isa = PBXFileReference; lastKnownFileType = sourcecode.c.h; path = "ChatApp-Bridging-Header.h"; sourceTree = "<group>"; };
		9D244AE11ACD1B8F001100B7 /* ChatAppHeader.m */ = {isa = PBXFileReference; fileEncoding = 4; lastKnownFileType = sourcecode.c.objc; path = ChatAppHeader.m; sourceTree = "<group>"; };
		9D6F696B1AE5D47900C4955D /* no-photo.png */ = {isa = PBXFileReference; lastKnownFileType = image.png; path = "no-photo.png"; sourceTree = "<group>"; };
		9D7F034A1ADEE66000B30AFF /* Bolts.framework */ = {isa = PBXFileReference; lastKnownFileType = wrapper.framework; path = Bolts.framework; sourceTree = "<group>"; };
		9D7F034B1ADEE66000B30AFF /* Parse.framework */ = {isa = PBXFileReference; lastKnownFileType = wrapper.framework; path = Parse.framework; sourceTree = "<group>"; };
		9D8FDE831ADC4F0B00D3BC7F /* tripCompletedVC.swift */ = {isa = PBXFileReference; fileEncoding = 4; lastKnownFileType = sourcecode.swift; path = tripCompletedVC.swift; sourceTree = "<group>"; };
		9D8FDE851ADC51BA00D3BC7F /* tripPlanVC.swift */ = {isa = PBXFileReference; fileEncoding = 4; lastKnownFileType = sourcecode.swift; path = tripPlanVC.swift; sourceTree = "<group>"; };
		9DE2A9C31AD5B49000A24D7E /* usersVC.swift */ = {isa = PBXFileReference; fileEncoding = 4; lastKnownFileType = sourcecode.swift; path = usersVC.swift; sourceTree = "<group>"; };
		9DE2A9C51AD5B5DD00A24D7E /* resultsCell.swift */ = {isa = PBXFileReference; fileEncoding = 4; lastKnownFileType = sourcecode.swift; path = resultsCell.swift; sourceTree = "<group>"; };
		9DF3DD781ACA14EF004D150C /* ChatApp.app */ = {isa = PBXFileReference; explicitFileType = wrapper.application; includeInIndex = 0; path = ChatApp.app; sourceTree = BUILT_PRODUCTS_DIR; };
		9DF3DD7C1ACA14EF004D150C /* Info.plist */ = {isa = PBXFileReference; lastKnownFileType = text.plist.xml; path = Info.plist; sourceTree = "<group>"; };
		9DF3DD7D1ACA14EF004D150C /* AppDelegate.swift */ = {isa = PBXFileReference; lastKnownFileType = sourcecode.swift; path = AppDelegate.swift; sourceTree = "<group>"; };
		9DF3DD7F1ACA14EF004D150C /* loginVC.swift */ = {isa = PBXFileReference; lastKnownFileType = sourcecode.swift; path = loginVC.swift; sourceTree = "<group>"; };
		9DF3DD821ACA14EF004D150C /* Base */ = {isa = PBXFileReference; lastKnownFileType = file.storyboard; name = Base; path = Base.lproj/Main.storyboard; sourceTree = "<group>"; };
		9DF3DD841ACA14EF004D150C /* Images.xcassets */ = {isa = PBXFileReference; lastKnownFileType = folder.assetcatalog; path = Images.xcassets; sourceTree = "<group>"; };
		9DF3DD871ACA14EF004D150C /* Base */ = {isa = PBXFileReference; lastKnownFileType = file.xib; name = Base; path = Base.lproj/LaunchScreen.xib; sourceTree = "<group>"; };
		9DF3DD8D1ACA14EF004D150C /* ChatAppTests.xctest */ = {isa = PBXFileReference; explicitFileType = wrapper.cfbundle; includeInIndex = 0; path = ChatAppTests.xctest; sourceTree = BUILT_PRODUCTS_DIR; };
		9DF3DD921ACA14EF004D150C /* Info.plist */ = {isa = PBXFileReference; lastKnownFileType = text.plist.xml; path = Info.plist; sourceTree = "<group>"; };
		9DF3DD931ACA14EF004D150C /* ChatAppTests.swift */ = {isa = PBXFileReference; lastKnownFileType = sourcecode.swift; path = ChatAppTests.swift; sourceTree = "<group>"; };
		9DF3DDA51ACA18AE004D150C /* signupVC.swift */ = {isa = PBXFileReference; fileEncoding = 4; lastKnownFileType = sourcecode.swift; name = signupVC.swift; path = ../signupVC.swift; sourceTree = "<group>"; };
/* End PBXFileReference section */

/* Begin PBXFrameworksBuildPhase section */
		9DF3DD751ACA14EF004D150C /* Frameworks */ = {
			isa = PBXFrameworksBuildPhase;
			buildActionMask = 2147483647;
			files = (
				9D244ADE1ACD1B4D001100B7 /* libsqlite3.dylib in Frameworks */,
				9D244ADC1ACD1B42001100B7 /* libz.dylib in Frameworks */,
				9D151DD61AD72A5D001EF774 /* FBSDKLoginKit.framework in Frameworks */,
				9D244ADA1ACD1B29001100B7 /* SystemConfiguration.framework in Frameworks */,
				9D7F034D1ADEE66000B30AFF /* Parse.framework in Frameworks */,
				9D244AD81ACD1B21001100B7 /* StoreKit.framework in Frameworks */,
				9D244AD61ACD1B19001100B7 /* Security.framework in Frameworks */,
				9D244AD41ACD1B12001100B7 /* QuartzCore.framework in Frameworks */,
				9D244AD21ACD1B0A001100B7 /* MobileCoreServices.framework in Frameworks */,
				9D244AD01ACD1B00001100B7 /* AudioToolbox.framework in Frameworks */,
				9D244ACE1ACD1AF7001100B7 /* CoreLocation.framework in Frameworks */,
				9D244ACC1ACD1AF2001100B7 /* CoreGraphics.framework in Frameworks */,
				9D244ACA1ACD1AEA001100B7 /* CFNetwork.framework in Frameworks */,
				9D151DD41AD72587001EF774 /* FBSDKCoreKit.framework in Frameworks */,
				9D7F034C1ADEE66000B30AFF /* Bolts.framework in Frameworks */,
			);
			runOnlyForDeploymentPostprocessing = 0;
		};
		9DF3DD8A1ACA14EF004D150C /* Frameworks */ = {
			isa = PBXFrameworksBuildPhase;
			buildActionMask = 2147483647;
			files = (
			);
			runOnlyForDeploymentPostprocessing = 0;
		};
/* End PBXFrameworksBuildPhase section */

/* Begin PBXGroup section */
		9D244ADF1ACD1B65001100B7 /* Frameworks */ = {
			isa = PBXGroup;
			children = (
				9D7F034A1ADEE66000B30AFF /* Bolts.framework */,
				9D7F034B1ADEE66000B30AFF /* Parse.framework */,
				9D151DD51AD72A5D001EF774 /* FBSDKLoginKit.framework */,
				9D151DD31AD72587001EF774 /* FBSDKCoreKit.framework */,
				9D244ADD1ACD1B4D001100B7 /* libsqlite3.dylib */,
				9D244ADB1ACD1B42001100B7 /* libz.dylib */,
				9D244AD91ACD1B29001100B7 /* SystemConfiguration.framework */,
				9D244AD71ACD1B21001100B7 /* StoreKit.framework */,
				9D244AD51ACD1B19001100B7 /* Security.framework */,
				9D244AD31ACD1B12001100B7 /* QuartzCore.framework */,
				9D244AD11ACD1B0A001100B7 /* MobileCoreServices.framework */,
				9D244ACF1ACD1B00001100B7 /* AudioToolbox.framework */,
				9D244ACD1ACD1AF7001100B7 /* CoreLocation.framework */,
				9D244ACB1ACD1AF2001100B7 /* CoreGraphics.framework */,
				9D244AC91ACD1AEA001100B7 /* CFNetwork.framework */,
			);
			name = Frameworks;
			sourceTree = "<group>";
		};
		9DF3DD6F1ACA14EF004D150C = {
			isa = PBXGroup;
			children = (
				9D244ADF1ACD1B65001100B7 /* Frameworks */,
				9DF3DD7A1ACA14EF004D150C /* ChatApp */,
				9DF3DD901ACA14EF004D150C /* ChatAppTests */,
				9DF3DD791ACA14EF004D150C /* Products */,
			);
			sourceTree = "<group>";
		};
		9DF3DD791ACA14EF004D150C /* Products */ = {
			isa = PBXGroup;
			children = (
				9DF3DD781ACA14EF004D150C /* ChatApp.app */,
				9DF3DD8D1ACA14EF004D150C /* ChatAppTests.xctest */,
			);
			name = Products;
			sourceTree = "<group>";
		};
		9DF3DD7A1ACA14EF004D150C /* ChatApp */ = {
			isa = PBXGroup;
			children = (
				9DE2A9C51AD5B5DD00A24D7E /* resultsCell.swift */,
				9DE2A9C31AD5B49000A24D7E /* usersVC.swift */,
				9DF3DD7D1ACA14EF004D150C /* AppDelegate.swift */,
				9DF3DD7F1ACA14EF004D150C /* loginVC.swift */,
				9D23FC451AD5E846004C085D /* conversationVC.swift */,
				9DF3DD811ACA14EF004D150C /* Main.storyboard */,
				9D8FDE851ADC51BA00D3BC7F /* tripPlanVC.swift */,
				9D8FDE831ADC4F0B00D3BC7F /* tripCompletedVC.swift */,
				9DF3DDA51ACA18AE004D150C /* signupVC.swift */,
				9DF3DD841ACA14EF004D150C /* Images.xcassets */,
				9DF3DD861ACA14EF004D150C /* LaunchScreen.xib */,
				9DF3DD7B1ACA14EF004D150C /* Supporting Files */,
				9D244AE11ACD1B8F001100B7 /* ChatAppHeader.m */,
				9D244AE01ACD1B8F001100B7 /* ChatApp-Bridging-Header.h */,
			);
			path = ChatApp;
			sourceTree = "<group>";
		};
		9DF3DD7B1ACA14EF004D150C /* Supporting Files */ = {
			isa = PBXGroup;
			children = (
				9D6F696B1AE5D47900C4955D /* no-photo.png */,
				9D1777671ACDFDE400023F2E /* Rick+and+morty+for+a+hundred+years+rick+and+morty+_406a982d46ccc523799e6aef45080387.png */,
				9DF3DD7C1ACA14EF004D150C /* Info.plist */,
			);
			name = "Supporting Files";
			sourceTree = "<group>";
		};
		9DF3DD901ACA14EF004D150C /* ChatAppTests */ = {
			isa = PBXGroup;
			children = (
				9DF3DD931ACA14EF004D150C /* ChatAppTests.swift */,
				9DF3DD911ACA14EF004D150C /* Supporting Files */,
			);
			path = ChatAppTests;
			sourceTree = "<group>";
		};
		9DF3DD911ACA14EF004D150C /* Supporting Files */ = {
			isa = PBXGroup;
			children = (
				9DF3DD921ACA14EF004D150C /* Info.plist */,
			);
			name = "Supporting Files";
			sourceTree = "<group>";
		};
/* End PBXGroup section */

/* Begin PBXNativeTarget section */
		9DF3DD771ACA14EF004D150C /* ChatApp */ = {
			isa = PBXNativeTarget;
			buildConfigurationList = 9DF3DD971ACA14EF004D150C /* Build configuration list for PBXNativeTarget "ChatApp" */;
			buildPhases = (
				9DF3DD741ACA14EF004D150C /* Sources */,
				9DF3DD751ACA14EF004D150C /* Frameworks */,
				9DF3DD761ACA14EF004D150C /* Resources */,
			);
			buildRules = (
			);
			dependencies = (
			);
			name = ChatApp;
			productName = ChatApp;
			productReference = 9DF3DD781ACA14EF004D150C /* ChatApp.app */;
			productType = "com.apple.product-type.application";
		};
		9DF3DD8C1ACA14EF004D150C /* ChatAppTests */ = {
			isa = PBXNativeTarget;
			buildConfigurationList = 9DF3DD9A1ACA14EF004D150C /* Build configuration list for PBXNativeTarget "ChatAppTests" */;
			buildPhases = (
				9DF3DD891ACA14EF004D150C /* Sources */,
				9DF3DD8A1ACA14EF004D150C /* Frameworks */,
				9DF3DD8B1ACA14EF004D150C /* Resources */,
			);
			buildRules = (
			);
			dependencies = (
				9DF3DD8F1ACA14EF004D150C /* PBXTargetDependency */,
			);
			name = ChatAppTests;
			productName = ChatAppTests;
			productReference = 9DF3DD8D1ACA14EF004D150C /* ChatAppTests.xctest */;
			productType = "com.apple.product-type.bundle.unit-test";
		};
/* End PBXNativeTarget section */

/* Begin PBXProject section */
		9DF3DD701ACA14EF004D150C /* Project object */ = {
			isa = PBXProject;
			attributes = {
				LastUpgradeCheck = 0610;
				ORGANIZATIONNAME = Black_Shark;
				TargetAttributes = {
					9DF3DD771ACA14EF004D150C = {
						CreatedOnToolsVersion = 6.1;
						DevelopmentTeam = 4HQ9U67CG8;
					};
					9DF3DD8C1ACA14EF004D150C = {
						CreatedOnToolsVersion = 6.1;
						TestTargetID = 9DF3DD771ACA14EF004D150C;
					};
				};
			};
			buildConfigurationList = 9DF3DD731ACA14EF004D150C /* Build configuration list for PBXProject "ChatApp" */;
			compatibilityVersion = "Xcode 3.2";
			developmentRegion = English;
			hasScannedForEncodings = 0;
			knownRegions = (
				en,
				Base,
			);
			mainGroup = 9DF3DD6F1ACA14EF004D150C;
			productRefGroup = 9DF3DD791ACA14EF004D150C /* Products */;
			projectDirPath = "";
			projectRoot = "";
			targets = (
				9DF3DD771ACA14EF004D150C /* ChatApp */,
				9DF3DD8C1ACA14EF004D150C /* ChatAppTests */,
			);
		};
/* End PBXProject section */

/* Begin PBXResourcesBuildPhase section */
		9DF3DD761ACA14EF004D150C /* Resources */ = {
			isa = PBXResourcesBuildPhase;
			buildActionMask = 2147483647;
			files = (
				9DF3DD831ACA14EF004D150C /* Main.storyboard in Resources */,
				9D1777681ACDFDE400023F2E /* Rick+and+morty+for+a+hundred+years+rick+and+morty+_406a982d46ccc523799e6aef45080387.png in Resources */,
				9D6F696C1AE5D47900C4955D /* no-photo.png in Resources */,
				9DF3DD881ACA14EF004D150C /* LaunchScreen.xib in Resources */,
				9DF3DD851ACA14EF004D150C /* Images.xcassets in Resources */,
			);
			runOnlyForDeploymentPostprocessing = 0;
		};
		9DF3DD8B1ACA14EF004D150C /* Resources */ = {
			isa = PBXResourcesBuildPhase;
			buildActionMask = 2147483647;
			files = (
			);
			runOnlyForDeploymentPostprocessing = 0;
		};
/* End PBXResourcesBuildPhase section */

/* Begin PBXSourcesBuildPhase section */
		9DF3DD741ACA14EF004D150C /* Sources */ = {
			isa = PBXSourcesBuildPhase;
			buildActionMask = 2147483647;
			files = (
				9DE2A9C61AD5B5DD00A24D7E /* resultsCell.swift in Sources */,
				9D244AE21ACD1B8F001100B7 /* ChatAppHeader.m in Sources */,
				9DF3DD801ACA14EF004D150C /* loginVC.swift in Sources */,
				9DE2A9C41AD5B49000A24D7E /* usersVC.swift in Sources */,
				9D8FDE861ADC51BA00D3BC7F /* tripPlanVC.swift in Sources */,
				9DF3DD7E1ACA14EF004D150C /* AppDelegate.swift in Sources */,
				9D8FDE841ADC4F0B00D3BC7F /* tripCompletedVC.swift in Sources */,
				9DF3DDA61ACA18AE004D150C /* signupVC.swift in Sources */,
				9D23FC461AD5E846004C085D /* conversationVC.swift in Sources */,
			);
			runOnlyForDeploymentPostprocessing = 0;
		};
		9DF3DD891ACA14EF004D150C /* Sources */ = {
			isa = PBXSourcesBuildPhase;
			buildActionMask = 2147483647;
			files = (
				9DF3DD941ACA14EF004D150C /* ChatAppTests.swift in Sources */,
			);
			runOnlyForDeploymentPostprocessing = 0;
		};
/* End PBXSourcesBuildPhase section */

/* Begin PBXTargetDependency section */
		9DF3DD8F1ACA14EF004D150C /* PBXTargetDependency */ = {
			isa = PBXTargetDependency;
			target = 9DF3DD771ACA14EF004D150C /* ChatApp */;
			targetProxy = 9DF3DD8E1ACA14EF004D150C /* PBXContainerItemProxy */;
		};
/* End PBXTargetDependency section */

/* Begin PBXVariantGroup section */
		9DF3DD811ACA14EF004D150C /* Main.storyboard */ = {
			isa = PBXVariantGroup;
			children = (
				9DF3DD821ACA14EF004D150C /* Base */,
			);
			name = Main.storyboard;
			sourceTree = "<group>";
		};
		9DF3DD861ACA14EF004D150C /* LaunchScreen.xib */ = {
			isa = PBXVariantGroup;
			children = (
				9DF3DD871ACA14EF004D150C /* Base */,
			);
			name = LaunchScreen.xib;
			sourceTree = "<group>";
		};
/* End PBXVariantGroup section */

/* Begin XCBuildConfiguration section */
		9DF3DD951ACA14EF004D150C /* Debug */ = {
			isa = XCBuildConfiguration;
			buildSettings = {
				ALWAYS_SEARCH_USER_PATHS = NO;
				CLANG_CXX_LANGUAGE_STANDARD = "gnu++0x";
				CLANG_CXX_LIBRARY = "libc++";
				CLANG_ENABLE_MODULES = YES;
				CLANG_ENABLE_OBJC_ARC = YES;
				CLANG_WARN_BOOL_CONVERSION = YES;
				CLANG_WARN_CONSTANT_CONVERSION = YES;
				CLANG_WARN_DIRECT_OBJC_ISA_USAGE = YES_ERROR;
				CLANG_WARN_EMPTY_BODY = YES;
				CLANG_WARN_ENUM_CONVERSION = YES;
				CLANG_WARN_INT_CONVERSION = YES;
				CLANG_WARN_OBJC_ROOT_CLASS = YES_ERROR;
				CLANG_WARN_UNREACHABLE_CODE = YES;
				CLANG_WARN__DUPLICATE_METHOD_MATCH = YES;
				"CODE_SIGN_IDENTITY[sdk=iphoneos*]" = "iPhone Developer";
				COPY_PHASE_STRIP = NO;
				ENABLE_STRICT_OBJC_MSGSEND = YES;
				GCC_C_LANGUAGE_STANDARD = gnu99;
				GCC_DYNAMIC_NO_PIC = NO;
				GCC_OPTIMIZATION_LEVEL = 0;
				GCC_PREPROCESSOR_DEFINITIONS = (
					"DEBUG=1",
					"$(inherited)",
				);
				GCC_SYMBOLS_PRIVATE_EXTERN = NO;
				GCC_WARN_64_TO_32_BIT_CONVERSION = YES;
				GCC_WARN_ABOUT_RETURN_TYPE = YES_ERROR;
				GCC_WARN_UNDECLARED_SELECTOR = YES;
				GCC_WARN_UNINITIALIZED_AUTOS = YES_AGGRESSIVE;
				GCC_WARN_UNUSED_FUNCTION = YES;
				GCC_WARN_UNUSED_VARIABLE = YES;
				IPHONEOS_DEPLOYMENT_TARGET = 8.1;
				MTL_ENABLE_DEBUG_INFO = YES;
				ONLY_ACTIVE_ARCH = YES;
				SDKROOT = iphoneos;
				SWIFT_OPTIMIZATION_LEVEL = "-Onone";
			};
			name = Debug;
		};
		9DF3DD961ACA14EF004D150C /* Release */ = {
			isa = XCBuildConfiguration;
			buildSettings = {
				ALWAYS_SEARCH_USER_PATHS = NO;
				CLANG_CXX_LANGUAGE_STANDARD = "gnu++0x";
				CLANG_CXX_LIBRARY = "libc++";
				CLANG_ENABLE_MODULES = YES;
				CLANG_ENABLE_OBJC_ARC = YES;
				CLANG_WARN_BOOL_CONVERSION = YES;
				CLANG_WARN_CONSTANT_CONVERSION = YES;
				CLANG_WARN_DIRECT_OBJC_ISA_USAGE = YES_ERROR;
				CLANG_WARN_EMPTY_BODY = YES;
				CLANG_WARN_ENUM_CONVERSION = YES;
				CLANG_WARN_INT_CONVERSION = YES;
				CLANG_WARN_OBJC_ROOT_CLASS = YES_ERROR;
				CLANG_WARN_UNREACHABLE_CODE = YES;
				CLANG_WARN__DUPLICATE_METHOD_MATCH = YES;
				"CODE_SIGN_IDENTITY[sdk=iphoneos*]" = "iPhone Developer";
				COPY_PHASE_STRIP = YES;
				ENABLE_NS_ASSERTIONS = NO;
				ENABLE_STRICT_OBJC_MSGSEND = YES;
				GCC_C_LANGUAGE_STANDARD = gnu99;
				GCC_WARN_64_TO_32_BIT_CONVERSION = YES;
				GCC_WARN_ABOUT_RETURN_TYPE = YES_ERROR;
				GCC_WARN_UNDECLARED_SELECTOR = YES;
				GCC_WARN_UNINITIALIZED_AUTOS = YES_AGGRESSIVE;
				GCC_WARN_UNUSED_FUNCTION = YES;
				GCC_WARN_UNUSED_VARIABLE = YES;
				IPHONEOS_DEPLOYMENT_TARGET = 8.1;
				MTL_ENABLE_DEBUG_INFO = NO;
				SDKROOT = iphoneos;
				VALIDATE_PRODUCT = YES;
			};
			name = Release;
		};
		9DF3DD981ACA14EF004D150C /* Debug */ = {
			isa = XCBuildConfiguration;
			buildSettings = {
				ASSETCATALOG_COMPILER_APPICON_NAME = AppIcon;
				CLANG_ENABLE_MODULES = YES;
				CODE_SIGN_IDENTITY = "iPhone Developer";
				"CODE_SIGN_IDENTITY[sdk=iphoneos*]" = "iPhone Developer";
				FRAMEWORK_SEARCH_PATHS = (
					"$(inherited)",
					"$(PROJECT_DIR)",
				);
				INFOPLIST_FILE = ChatApp/Info.plist;
				IPHONEOS_DEPLOYMENT_TARGET = 8.1;
				LD_RUNPATH_SEARCH_PATHS = "$(inherited) @executable_path/Frameworks";
				PRODUCT_NAME = "$(TARGET_NAME)";
				PROVISIONING_PROFILE = "";
				SWIFT_OBJC_BRIDGING_HEADER = "ChatApp/ChatApp-Bridging-Header.h";
				SWIFT_OPTIMIZATION_LEVEL = "-Onone";
				TARGETED_DEVICE_FAMILY = 1;
			};
			name = Debug;
		};
		9DF3DD991ACA14EF004D150C /* Release */ = {
			isa = XCBuildConfiguration;
			buildSettings = {
				ASSETCATALOG_COMPILER_APPICON_NAME = AppIcon;
				CLANG_ENABLE_MODULES = YES;
				CODE_SIGN_IDENTITY = "iPhone Developer";
				"CODE_SIGN_IDENTITY[sdk=iphoneos*]" = "iPhone Developer";
				FRAMEWORK_SEARCH_PATHS = (
					"$(inherited)",
					"$(PROJECT_DIR)",
				);
				INFOPLIST_FILE = ChatApp/Info.plist;
				IPHONEOS_DEPLOYMENT_TARGET = 8.1;
				LD_RUNPATH_SEARCH_PATHS = "$(inherited) @executable_path/Frameworks";
				PRODUCT_NAME = "$(TARGET_NAME)";
				PROVISIONING_PROFILE = "";
				SWIFT_OBJC_BRIDGING_HEADER = "ChatApp/ChatApp-Bridging-Header.h";
				TARGETED_DEVICE_FAMILY = 1;
			};
			name = Release;
		};
		9DF3DD9B1ACA14EF004D150C /* Debug */ = {
			isa = XCBuildConfiguration;
			buildSettings = {
				BUNDLE_LOADER = "$(TEST_HOST)";
				FRAMEWORK_SEARCH_PATHS = (
					"$(SDKROOT)/Developer/Library/Frameworks",
					"$(inherited)",
				);
				GCC_PREPROCESSOR_DEFINITIONS = (
					"DEBUG=1",
					"$(inherited)",
				);
				INFOPLIST_FILE = ChatAppTests/Info.plist;
				LD_RUNPATH_SEARCH_PATHS = "$(inherited) @executable_path/Frameworks @loader_path/Frameworks";
				PRODUCT_NAME = "$(TARGET_NAME)";
				TEST_HOST = "$(BUILT_PRODUCTS_DIR)/ChatApp.app/ChatApp";
			};
			name = Debug;
		};
		9DF3DD9C1ACA14EF004D150C /* Release */ = {
			isa = XCBuildConfiguration;
			buildSettings = {
				BUNDLE_LOADER = "$(TEST_HOST)";
				FRAMEWORK_SEARCH_PATHS = (
					"$(SDKROOT)/Developer/Library/Frameworks",
					"$(inherited)",
				);
				INFOPLIST_FILE = ChatAppTests/Info.plist;
				LD_RUNPATH_SEARCH_PATHS = "$(inherited) @executable_path/Frameworks @loader_path/Frameworks";
				PRODUCT_NAME = "$(TARGET_NAME)";
				TEST_HOST = "$(BUILT_PRODUCTS_DIR)/ChatApp.app/ChatApp";
			};
			name = Release;
		};
/* End XCBuildConfiguration section */

/* Begin XCConfigurationList section */
		9DF3DD731ACA14EF004D150C /* Build configuration list for PBXProject "ChatApp" */ = {
			isa = XCConfigurationList;
			buildConfigurations = (
				9DF3DD951ACA14EF004D150C /* Debug */,
				9DF3DD961ACA14EF004D150C /* Release */,
			);
			defaultConfigurationIsVisible = 0;
			defaultConfigurationName = Release;
		};
		9DF3DD971ACA14EF004D150C /* Build configuration list for PBXNativeTarget "ChatApp" */ = {
			isa = XCConfigurationList;
			buildConfigurations = (
				9DF3DD981ACA14EF004D150C /* Debug */,
				9DF3DD991ACA14EF004D150C /* Release */,
			);
			defaultConfigurationIsVisible = 0;
			defaultConfigurationName = Release;
		};
		9DF3DD9A1ACA14EF004D150C /* Build configuration list for PBXNativeTarget "ChatAppTests" */ = {
			isa = XCConfigurationList;
			buildConfigurations = (
				9DF3DD9B1ACA14EF004D150C /* Debug */,
				9DF3DD9C1ACA14EF004D150C /* Release */,
			);
			defaultConfigurationIsVisible = 0;
			defaultConfigurationName = Release;
		};
/* End XCConfigurationList section */
	};
	rootObject = 9DF3DD701ACA14EF004D150C /* Project object */;
}
